
Microsoft Visual Studio Solution File, Format Version 12.00
# Visual Studio Version 17
VisualStudioVersion = 17.4.33103.184
MinimumVisualStudioVersion = 10.0.40219.1
Project("{FAE04EC0-301F-11D3-BF4B-00C04F79EFBC}") = "laba 9", "laba 9\laba 9.csproj", "{3B7D3971-5FEB-4E65-8F29-3282F8DF8228}"
EndProject
Global
	GlobalSection(SolutionConfigurationPlatforms) = preSolution
		Debug|Any CPU = Debug|Any CPU
		Release|Any CPU = Release|Any CPU
	EndGlobalSection
	GlobalSection(ProjectConfigurationPlatforms) = postSolution
		{3B7D3971-5FEB-4E65-8F29-3282F8DF8228}.Debug|Any CPU.ActiveCfg = Debug|Any CPU
		{3B7D3971-5FEB-4E65-8F29-3282F8DF8228}.Debug|Any CPU.Build.0 = Debug|Any CPU
		{3B7D3971-5FEB-4E65-8F29-3282F8DF8228}.Release|Any CPU.ActiveCfg = Release|Any CPU
		{3B7D3971-5FEB-4E65-8F29-3282F8DF8228}.Release|Any CPU.Build.0 = Release|Any CPU
	EndGlobalSection
	GlobalSection(SolutionProperties) = preSolution
		HideSolutionNode = FALSE
	EndGlobalSection
	GlobalSection(ExtensibilityGlobals) = postSolution
		SolutionGuid = {BFCBBD31-65C1-448F-8353-6618D99B0F35}
	EndGlobalSection
EndGlobal
