
Microsoft Visual Studio Solution File, Format Version 12.00
# Visual Studio Version 17
VisualStudioVersion = 17.4.33103.184
MinimumVisualStudioVersion = 10.0.40219.1
Project("{FAE04EC0-301F-11D3-BF4B-00C04F79EFBC}") = "laba 15", "laba 15\laba 15.csproj", "{D52E0E58-BD01-42BD-82C6-BF91EB63E4CD}"
EndProject
Global
	GlobalSection(SolutionConfigurationPlatforms) = preSolution
		Debug|Any CPU = Debug|Any CPU
		Release|Any CPU = Release|Any CPU
	EndGlobalSection
	GlobalSection(ProjectConfigurationPlatforms) = postSolution
		{D52E0E58-BD01-42BD-82C6-BF91EB63E4CD}.Debug|Any CPU.ActiveCfg = Debug|Any CPU
		{D52E0E58-BD01-42BD-82C6-BF91EB63E4CD}.Debug|Any CPU.Build.0 = Debug|Any CPU
		{D52E0E58-BD01-42BD-82C6-BF91EB63E4CD}.Release|Any CPU.ActiveCfg = Release|Any CPU
		{D52E0E58-BD01-42BD-82C6-BF91EB63E4CD}.Release|Any CPU.Build.0 = Release|Any CPU
	EndGlobalSection
	GlobalSection(SolutionProperties) = preSolution
		HideSolutionNode = FALSE
	EndGlobalSection
	GlobalSection(ExtensibilityGlobals) = postSolution
		SolutionGuid = {DCEE378F-7E34-4B16-AAE9-9CE5FDCAAF3C}
	EndGlobalSection
EndGlobal
