
Microsoft Visual Studio Solution File, Format Version 12.00
# Visual Studio Version 17
VisualStudioVersion = 17.4.33103.184
MinimumVisualStudioVersion = 10.0.40219.1
Project("{FAE04EC0-301F-11D3-BF4B-00C04F79EFBC}") = "laba 8", "laba 8\laba 8.csproj", "{78194FFE-5462-4EE4-AE08-76F0AE1D636A}"
EndProject
Global
	GlobalSection(SolutionConfigurationPlatforms) = preSolution
		Debug|Any CPU = Debug|Any CPU
		Release|Any CPU = Release|Any CPU
	EndGlobalSection
	GlobalSection(ProjectConfigurationPlatforms) = postSolution
		{78194FFE-5462-4EE4-AE08-76F0AE1D636A}.Debug|Any CPU.ActiveCfg = Debug|Any CPU
		{78194FFE-5462-4EE4-AE08-76F0AE1D636A}.Debug|Any CPU.Build.0 = Debug|Any CPU
		{78194FFE-5462-4EE4-AE08-76F0AE1D636A}.Release|Any CPU.ActiveCfg = Release|Any CPU
		{78194FFE-5462-4EE4-AE08-76F0AE1D636A}.Release|Any CPU.Build.0 = Release|Any CPU
	EndGlobalSection
	GlobalSection(SolutionProperties) = preSolution
		HideSolutionNode = FALSE
	EndGlobalSection
	GlobalSection(ExtensibilityGlobals) = postSolution
		SolutionGuid = {2DA8981F-568B-4E6F-8144-F92F93D54E56}
	EndGlobalSection
EndGlobal
